{
  "pins" : [
    {
      "identity" : "rudifautilpkg",
      "kind" : "remoteSourceControl",
      "location" : "https://github.com/rudifa/RudifaUtilPkg",
      "state" : {
        "revision" : "af0141567eeb7f534f94c35e0fc008c9f5902012",
        "version" : "1.4.1"
      }
    }
  ],
  "version" : 2
}
